
Microsoft Visual Studio Solution File, Format Version 12.00
# Visual Studio Version 17
VisualStudioVersion = 17.13.35931.197 d17.13
MinimumVisualStudioVersion = 10.0.40219.1
Project("{FAE04EC0-301F-11D3-BF4B-00C04F79EFBC}") = "BlazorApp1", "BlazorApp1\BlazorApp1.csproj", "{1F01C6AA-C2B3-4A42-B5D9-2BBE9A643F7F}"
EndProject
Global
	GlobalSection(SolutionConfigurationPlatforms) = preSolution
		Debug|Any CPU = Debug|Any CPU
		Release|Any CPU = Release|Any CPU
	EndGlobalSection
	GlobalSection(ProjectConfigurationPlatforms) = postSolution
		{1F01C6AA-C2B3-4A42-B5D9-2BBE9A643F7F}.Debug|Any CPU.ActiveCfg = Debug|Any CPU
		{1F01C6AA-C2B3-4A42-B5D9-2BBE9A643F7F}.Debug|Any CPU.Build.0 = Debug|Any CPU
		{1F01C6AA-C2B3-4A42-B5D9-2BBE9A643F7F}.Release|Any CPU.ActiveCfg = Release|Any CPU
		{1F01C6AA-C2B3-4A42-B5D9-2BBE9A643F7F}.Release|Any CPU.Build.0 = Release|Any CPU
	EndGlobalSection
	GlobalSection(SolutionProperties) = preSolution
		HideSolutionNode = FALSE
	EndGlobalSection
	GlobalSection(ExtensibilityGlobals) = postSolution
		SolutionGuid = {C33BF1D5-BB5A-4F34-840A-42E4EDE5F2C7}
	EndGlobalSection
EndGlobal
